// !$*UTF8*$!
{
	archiveVersion = 1;
	classes = {
	};
	objectVersion = 55;
	objects = {

/* Begin PBXBuildFile section */
		FDA23797275AD56700E04A34 /* AppDelegate.swift in Sources */ = {isa = PBXBuildFile; fileRef = FDA23796275AD56700E04A34 /* AppDelegate.swift */; };
		FDA23799275AD56700E04A34 /* SceneDelegate.swift in Sources */ = {isa = PBXBuildFile; fileRef = FDA23798275AD56700E04A34 /* SceneDelegate.swift */; };
		FDA2379B275AD56700E04A34 /* ViewController.swift in Sources */ = {isa = PBXBuildFile; fileRef = FDA2379A275AD56700E04A34 /* ViewController.swift */; };
		FDA2379E275AD56700E04A34 /* Main.storyboard in Resources */ = {isa = PBXBuildFile; fileRef = FDA2379C275AD56700E04A34 /* Main.storyboard */; };
		FDA237A1275AD56700E04A34 /* Todo_List.xcdatamodeld in Sources */ = {isa = PBXBuildFile; fileRef = FDA2379F275AD56700E04A34 /* Todo_List.xcdatamodeld */; };
		FDA237A3275AD56A00E04A34 /* Assets.xcassets in Resources */ = {isa = PBXBuildFile; fileRef = FDA237A2275AD56A00E04A34 /* Assets.xcassets */; };
		FDA237A6275AD56A00E04A34 /* LaunchScreen.storyboard in Resources */ = {isa = PBXBuildFile; fileRef = FDA237A4275AD56A00E04A34 /* LaunchScreen.storyboard */; };
		FDA237B1275AD56A00E04A34 /* Todo_ListTests.swift in Sources */ = {isa = PBXBuildFile; fileRef = FDA237B0275AD56A00E04A34 /* Todo_ListTests.swift */; };
		FDA237BB275AD56A00E04A34 /* Todo_ListUITests.swift in Sources */ = {isa = PBXBuildFile; fileRef = FDA237BA275AD56A00E04A34 /* Todo_ListUITests.swift */; };
		FDA237BD275AD56A00E04A34 /* Todo_ListUITestsLaunchTests.swift in Sources */ = {isa = PBXBuildFile; fileRef = FDA237BC275AD56A00E04A34 /* Todo_ListUITestsLaunchTests.swift */; };
/* End PBXBuildFile section */

/* Begin PBXContainerItemProxy section */
		FDA237AD275AD56A00E04A34 /* PBXContainerItemProxy */ = {
			isa = PBXContainerItemProxy;
			containerPortal = FDA2378B275AD56700E04A34 /* Project object */;
			proxyType = 1;
			remoteGlobalIDString = FDA23792275AD56700E04A34;
			remoteInfo = "Todo-List";
		};
		FDA237B7275AD56A00E04A34 /* PBXContainerItemProxy */ = {
			isa = PBXContainerItemProxy;
			containerPortal = FDA2378B275AD56700E04A34 /* Project object */;
			proxyType = 1;
			remoteGlobalIDString = FDA23792275AD56700E04A34;
			remoteInfo = "Todo-List";
		};
/* End PBXContainerItemProxy section */

/* Begin PBXFileReference section */
		FDA23793275AD56700E04A34 /* Todo-List.app */ = {isa = PBXFileReference; explicitFileType = wrapper.application; includeInIndex = 0; path = "Todo-List.app"; sourceTree = BUILT_PRODUCTS_DIR; };
		FDA23796275AD56700E04A34 /* AppDelegate.swift */ = {isa = PBXFileReference; lastKnownFileType = sourcecode.swift; path = AppDelegate.swift; sourceTree = "<group>"; };
		FDA23798275AD56700E04A34 /* SceneDelegate.swift */ = {isa = PBXFileReference; lastKnownFileType = sourcecode.swift; path = SceneDelegate.swift; sourceTree = "<group>"; };
		FDA2379A275AD56700E04A34 /* ViewController.swift */ = {isa = PBXFileReference; lastKnownFileType = sourcecode.swift; path = ViewController.swift; sourceTree = "<group>"; };
		FDA2379D275AD56700E04A34 /* Base */ = {isa = PBXFileReference; lastKnownFileType = file.storyboard; name = Base; path = Base.lproj/Main.storyboard; sourceTree = "<group>"; };
		FDA237A0275AD56700E04A34 /* Todo_List.xcdatamodel */ = {isa = PBXFileReference; lastKnownFileType = wrapper.xcdatamodel; path = Todo_List.xcdatamodel; sourceTree = "<group>"; };
		FDA237A2275AD56A00E04A34 /* Assets.xcassets */ = {isa = PBXFileReference; lastKnownFileType = folder.assetcatalog; path = Assets.xcassets; sourceTree = "<group>"; };
		FDA237A5275AD56A00E04A34 /* Base */ = {isa = PBXFileReference; lastKnownFileType = file.storyboard; name = Base; path = Base.lproj/LaunchScreen.storyboard; sourceTree = "<group>"; };
		FDA237A7275AD56A00E04A34 /* Info.plist */ = {isa = PBXFileReference; lastKnownFileType = text.plist.xml; path = Info.plist; sourceTree = "<group>"; };
		FDA237AC275AD56A00E04A34 /* Todo-ListTests.xctest */ = {isa = PBXFileReference; explicitFileType = wrapper.cfbundle; includeInIndex = 0; path = "Todo-ListTests.xctest"; sourceTree = BUILT_PRODUCTS_DIR; };
		FDA237B0275AD56A00E04A34 /* Todo_ListTests.swift */ = {isa = PBXFileReference; lastKnownFileType = sourcecode.swift; path = Todo_ListTests.swift; sourceTree = "<group>"; };
		FDA237B6275AD56A00E04A34 /* Todo-ListUITests.xctest */ = {isa = PBXFileReference; explicitFileType = wrapper.cfbundle; includeInIndex = 0; path = "Todo-ListUITests.xctest"; sourceTree = BUILT_PRODUCTS_DIR; };
		FDA237BA275AD56A00E04A34 /* Todo_ListUITests.swift */ = {isa = PBXFileReference; lastKnownFileType = sourcecode.swift; path = Todo_ListUITests.swift; sourceTree = "<group>"; };
		FDA237BC275AD56A00E04A34 /* Todo_ListUITestsLaunchTests.swift */ = {isa = PBXFileReference; lastKnownFileType = sourcecode.swift; path = Todo_ListUITestsLaunchTests.swift; sourceTree = "<group>"; };
/* End PBXFileReference section */

/* Begin PBXFrameworksBuildPhase section */
		FDA23790275AD56700E04A34 /* Frameworks */ = {
			isa = PBXFrameworksBuildPhase;
			buildActionMask = 2147483647;
			files = (
			);
			runOnlyForDeploymentPostprocessing = 0;
		};
		FDA237A9275AD56A00E04A34 /* Frameworks */ = {
			isa = PBXFrameworksBuildPhase;
			buildActionMask = 2147483647;
			files = (
			);
			runOnlyForDeploymentPostprocessing = 0;
		};
		FDA237B3275AD56A00E04A34 /* Frameworks */ = {
			isa = PBXFrameworksBuildPhase;
			buildActionMask = 2147483647;
			files = (
			);
			runOnlyForDeploymentPostprocessing = 0;
		};
/* End PBXFrameworksBuildPhase section */

/* Begin PBXGroup section */
		FDA2378A275AD56700E04A34 = {
			isa = PBXGroup;
			children = (
				FDA23795275AD56700E04A34 /* Todo-List */,
				FDA237AF275AD56A00E04A34 /* Todo-ListTests */,
				FDA237B9275AD56A00E04A34 /* Todo-ListUITests */,
				FDA23794275AD56700E04A34 /* Products */,
			);
			sourceTree = "<group>";
		};
		FDA23794275AD56700E04A34 /* Products */ = {
			isa = PBXGroup;
			children = (
				FDA23793275AD56700E04A34 /* Todo-List.app */,
				FDA237AC275AD56A00E04A34 /* Todo-ListTests.xctest */,
				FDA237B6275AD56A00E04A34 /* Todo-ListUITests.xctest */,
			);
			name = Products;
			sourceTree = "<group>";
		};
		FDA23795275AD56700E04A34 /* Todo-List */ = {
			isa = PBXGroup;
			children = (
				FDA23796275AD56700E04A34 /* AppDelegate.swift */,
				FDA23798275AD56700E04A34 /* SceneDelegate.swift */,
				FDA2379A275AD56700E04A34 /* ViewController.swift */,
				FDA2379C275AD56700E04A34 /* Main.storyboard */,
				FDA237A2275AD56A00E04A34 /* Assets.xcassets */,
				FDA237A4275AD56A00E04A34 /* LaunchScreen.storyboard */,
				FDA237A7275AD56A00E04A34 /* Info.plist */,
				FDA2379F275AD56700E04A34 /* Todo_List.xcdatamodeld */,
			);
			path = "Todo-List";
			sourceTree = "<group>";
		};
		FDA237AF275AD56A00E04A34 /* Todo-ListTests */ = {
			isa = PBXGroup;
			children = (
				FDA237B0275AD56A00E04A34 /* Todo_ListTests.swift */,
			);
			path = "Todo-ListTests";
			sourceTree = "<group>";
		};
		FDA237B9275AD56A00E04A34 /* Todo-ListUITests */ = {
			isa = PBXGroup;
			children = (
				FDA237BA275AD56A00E04A34 /* Todo_ListUITests.swift */,
				FDA237BC275AD56A00E04A34 /* Todo_ListUITestsLaunchTests.swift */,
			);
			path = "Todo-ListUITests";
			sourceTree = "<group>";
		};
/* End PBXGroup section */

/* Begin PBXNativeTarget section */
		FDA23792275AD56700E04A34 /* Todo-List */ = {
			isa = PBXNativeTarget;
			buildConfigurationList = FDA237C0275AD56A00E04A34 /* Build configuration list for PBXNativeTarget "Todo-List" */;
			buildPhases = (
				FDA2378F275AD56700E04A34 /* Sources */,
				FDA23790275AD56700E04A34 /* Frameworks */,
				FDA23791275AD56700E04A34 /* Resources */,
			);
			buildRules = (
			);
			dependencies = (
			);
			name = "Todo-List";
			productName = "Todo-List";
			productReference = FDA23793275AD56700E04A34 /* Todo-List.app */;
			productType = "com.apple.product-type.application";
		};
		FDA237AB275AD56A00E04A34 /* Todo-ListTests */ = {
			isa = PBXNativeTarget;
			buildConfigurationList = FDA237C3275AD56A00E04A34 /* Build configuration list for PBXNativeTarget "Todo-ListTests" */;
			buildPhases = (
				FDA237A8275AD56A00E04A34 /* Sources */,
				FDA237A9275AD56A00E04A34 /* Frameworks */,
				FDA237AA275AD56A00E04A34 /* Resources */,
			);
			buildRules = (
			);
			dependencies = (
				FDA237AE275AD56A00E04A34 /* PBXTargetDependency */,
			);
			name = "Todo-ListTests";
			productName = "Todo-ListTests";
			productReference = FDA237AC275AD56A00E04A34 /* Todo-ListTests.xctest */;
			productType = "com.apple.product-type.bundle.unit-test";
		};
		FDA237B5275AD56A00E04A34 /* Todo-ListUITests */ = {
			isa = PBXNativeTarget;
			buildConfigurationList = FDA237C6275AD56A00E04A34 /* Build configuration list for PBXNativeTarget "Todo-ListUITests" */;
			buildPhases = (
				FDA237B2275AD56A00E04A34 /* Sources */,
				FDA237B3275AD56A00E04A34 /* Frameworks */,
				FDA237B4275AD56A00E04A34 /* Resources */,
			);
			buildRules = (
			);
			dependencies = (
				FDA237B8275AD56A00E04A34 /* PBXTargetDependency */,
			);
			name = "Todo-ListUITests";
			productName = "Todo-ListUITests";
			productReference = FDA237B6275AD56A00E04A34 /* Todo-ListUITests.xctest */;
			productType = "com.apple.product-type.bundle.ui-testing";
		};
/* End PBXNativeTarget section */

/* Begin PBXProject section */
		FDA2378B275AD56700E04A34 /* Project object */ = {
			isa = PBXProject;
			attributes = {
				BuildIndependentTargetsInParallel = 1;
				LastSwiftUpdateCheck = 1300;
				LastUpgradeCheck = 1300;
				TargetAttributes = {
					FDA23792275AD56700E04A34 = {
						CreatedOnToolsVersion = 13.0;
					};
					FDA237AB275AD56A00E04A34 = {
						CreatedOnToolsVersion = 13.0;
						TestTargetID = FDA23792275AD56700E04A34;
					};
					FDA237B5275AD56A00E04A34 = {
						CreatedOnToolsVersion = 13.0;
						TestTargetID = FDA23792275AD56700E04A34;
					};
				};
			};
			buildConfigurationList = FDA2378E275AD56700E04A34 /* Build configuration list for PBXProject "Todo-List" */;
			compatibilityVersion = "Xcode 13.0";
			developmentRegion = en;
			hasScannedForEncodings = 0;
			knownRegions = (
				en,
				Base,
			);
			mainGroup = FDA2378A275AD56700E04A34;
			productRefGroup = FDA23794275AD56700E04A34 /* Products */;
			projectDirPath = "";
			projectRoot = "";
			targets = (
				FDA23792275AD56700E04A34 /* Todo-List */,
				FDA237AB275AD56A00E04A34 /* Todo-ListTests */,
				FDA237B5275AD56A00E04A34 /* Todo-ListUITests */,
			);
		};
/* End PBXProject section */

/* Begin PBXResourcesBuildPhase section */
		FDA23791275AD56700E04A34 /* Resources */ = {
			isa = PBXResourcesBuildPhase;
			buildActionMask = 2147483647;
			files = (
				FDA237A6275AD56A00E04A34 /* LaunchScreen.storyboard in Resources */,
				FDA237A3275AD56A00E04A34 /* Assets.xcassets in Resources */,
				FDA2379E275AD56700E04A34 /* Main.storyboard in Resources */,
			);
			runOnlyForDeploymentPostprocessing = 0;
		};
		FDA237AA275AD56A00E04A34 /* Resources */ = {
			isa = PBXResourcesBuildPhase;
			buildActionMask = 2147483647;
			files = (
			);
			runOnlyForDeploymentPostprocessing = 0;
		};
		FDA237B4275AD56A00E04A34 /* Resources */ = {
			isa = PBXResourcesBuildPhase;
			buildActionMask = 2147483647;
			files = (
			);
			runOnlyForDeploymentPostprocessing = 0;
		};
/* End PBXResourcesBuildPhase section */

/* Begin PBXSourcesBuildPhase section */
		FDA2378F275AD56700E04A34 /* Sources */ = {
			isa = PBXSourcesBuildPhase;
			buildActionMask = 2147483647;
			files = (
				FDA2379B275AD56700E04A34 /* ViewController.swift in Sources */,
				FDA23797275AD56700E04A34 /* AppDelegate.swift in Sources */,
				FDA23799275AD56700E04A34 /* SceneDelegate.swift in Sources */,
				FDA237A1275AD56700E04A34 /* Todo_List.xcdatamodeld in Sources */,
			);
			runOnlyForDeploymentPostprocessing = 0;
		};
		FDA237A8275AD56A00E04A34 /* Sources */ = {
			isa = PBXSourcesBuildPhase;
			buildActionMask = 2147483647;
			files = (
				FDA237B1275AD56A00E04A34 /* Todo_ListTests.swift in Sources */,
			);
			runOnlyForDeploymentPostprocessing = 0;
		};
		FDA237B2275AD56A00E04A34 /* Sources */ = {
			isa = PBXSourcesBuildPhase;
			buildActionMask = 2147483647;
			files = (
				FDA237BD275AD56A00E04A34 /* Todo_ListUITestsLaunchTests.swift in Sources */,
				FDA237BB275AD56A00E04A34 /* Todo_ListUITests.swift in Sources */,
			);
			runOnlyForDeploymentPostprocessing = 0;
		};
/* End PBXSourcesBuildPhase section */

/* Begin PBXTargetDependency section */
		FDA237AE275AD56A00E04A34 /* PBXTargetDependency */ = {
			isa = PBXTargetDependency;
			target = FDA23792275AD56700E04A34 /* Todo-List */;
			targetProxy = FDA237AD275AD56A00E04A34 /* PBXContainerItemProxy */;
		};
		FDA237B8275AD56A00E04A34 /* PBXTargetDependency */ = {
			isa = PBXTargetDependency;
			target = FDA23792275AD56700E04A34 /* Todo-List */;
			targetProxy = FDA237B7275AD56A00E04A34 /* PBXContainerItemProxy */;
		};
/* End PBXTargetDependency section */

/* Begin PBXVariantGroup section */
		FDA2379C275AD56700E04A34 /* Main.storyboard */ = {
			isa = PBXVariantGroup;
			children = (
				FDA2379D275AD56700E04A34 /* Base */,
			);
			name = Main.storyboard;
			sourceTree = "<group>";
		};
		FDA237A4275AD56A00E04A34 /* LaunchScreen.storyboard */ = {
			isa = PBXVariantGroup;
			children = (
				FDA237A5275AD56A00E04A34 /* Base */,
			);
			name = LaunchScreen.storyboard;
			sourceTree = "<group>";
		};
/* End PBXVariantGroup section */

/* Begin XCBuildConfiguration section */
		FDA237BE275AD56A00E04A34 /* Debug */ = {
			isa = XCBuildConfiguration;
			buildSettings = {
				ALWAYS_SEARCH_USER_PATHS = NO;
				CLANG_ANALYZER_NONNULL = YES;
				CLANG_ANALYZER_NUMBER_OBJECT_CONVERSION = YES_AGGRESSIVE;
				CLANG_CXX_LANGUAGE_STANDARD = "gnu++17";
				CLANG_CXX_LIBRARY = "libc++";
				CLANG_ENABLE_MODULES = YES;
				CLANG_ENABLE_OBJC_ARC = YES;
				CLANG_ENABLE_OBJC_WEAK = YES;
				CLANG_WARN_BLOCK_CAPTURE_AUTORELEASING = YES;
				CLANG_WARN_BOOL_CONVERSION = YES;
				CLANG_WARN_COMMA = YES;
				CLANG_WARN_CONSTANT_CONVERSION = YES;
				CLANG_WARN_DEPRECATED_OBJC_IMPLEMENTATIONS = YES;
				CLANG_WARN_DIRECT_OBJC_ISA_USAGE = YES_ERROR;
				CLANG_WARN_DOCUMENTATION_COMMENTS = YES;
				CLANG_WARN_EMPTY_BODY = YES;
				CLANG_WARN_ENUM_CONVERSION = YES;
				CLANG_WARN_INFINITE_RECURSION = YES;
				CLANG_WARN_INT_CONVERSION = YES;
				CLANG_WARN_NON_LITERAL_NULL_CONVERSION = YES;
				CLANG_WARN_OBJC_IMPLICIT_RETAIN_SELF = YES;
				CLANG_WARN_OBJC_LITERAL_CONVERSION = YES;
				CLANG_WARN_OBJC_ROOT_CLASS = YES_ERROR;
				CLANG_WARN_QUOTED_INCLUDE_IN_FRAMEWORK_HEADER = YES;
				CLANG_WARN_RANGE_LOOP_ANALYSIS = YES;
				CLANG_WARN_STRICT_PROTOTYPES = YES;
				CLANG_WARN_SUSPICIOUS_MOVE = YES;
				CLANG_WARN_UNGUARDED_AVAILABILITY = YES_AGGRESSIVE;
				CLANG_WARN_UNREACHABLE_CODE = YES;
				CLANG_WARN__DUPLICATE_METHOD_MATCH = YES;
				COPY_PHASE_STRIP = NO;
				DEBUG_INFORMATION_FORMAT = dwarf;
				ENABLE_STRICT_OBJC_MSGSEND = YES;
				ENABLE_TESTABILITY = YES;
				GCC_C_LANGUAGE_STANDARD = gnu11;
				GCC_DYNAMIC_NO_PIC = NO;
				GCC_NO_COMMON_BLOCKS = YES;
				GCC_OPTIMIZATION_LEVEL = 0;
				GCC_PREPROCESSOR_DEFINITIONS = (
					"DEBUG=1",
					"$(inherited)",
				);
				GCC_WARN_64_TO_32_BIT_CONVERSION = YES;
				GCC_WARN_ABOUT_RETURN_TYPE = YES_ERROR;
				GCC_WARN_UNDECLARED_SELECTOR = YES;
				GCC_WARN_UNINITIALIZED_AUTOS = YES_AGGRESSIVE;
				GCC_WARN_UNUSED_FUNCTION = YES;
				GCC_WARN_UNUSED_VARIABLE = YES;
				IPHONEOS_DEPLOYMENT_TARGET = 15.0;
				MTL_ENABLE_DEBUG_INFO = INCLUDE_SOURCE;
				MTL_FAST_MATH = YES;
				ONLY_ACTIVE_ARCH = YES;
				SDKROOT = iphoneos;
				SWIFT_ACTIVE_COMPILATION_CONDITIONS = DEBUG;
				SWIFT_OPTIMIZATION_LEVEL = "-Onone";
			};
			name = Debug;
		};
		FDA237BF275AD56A00E04A34 /* Release */ = {
			isa = XCBuildConfiguration;
			buildSettings = {
				ALWAYS_SEARCH_USER_PATHS = NO;
				CLANG_ANALYZER_NONNULL = YES;
				CLANG_ANALYZER_NUMBER_OBJECT_CONVERSION = YES_AGGRESSIVE;
				CLANG_CXX_LANGUAGE_STANDARD = "gnu++17";
				CLANG_CXX_LIBRARY = "libc++";
				CLANG_ENABLE_MODULES = YES;
				CLANG_ENABLE_OBJC_ARC = YES;
				CLANG_ENABLE_OBJC_WEAK = YES;
				CLANG_WARN_BLOCK_CAPTURE_AUTORELEASING = YES;
				CLANG_WARN_BOOL_CONVERSION = YES;
				CLANG_WARN_COMMA = YES;
				CLANG_WARN_CONSTANT_CONVERSION = YES;
				CLANG_WARN_DEPRECATED_OBJC_IMPLEMENTATIONS = YES;
				CLANG_WARN_DIRECT_OBJC_ISA_USAGE = YES_ERROR;
				CLANG_WARN_DOCUMENTATION_COMMENTS = YES;
				CLANG_WARN_EMPTY_BODY = YES;
				CLANG_WARN_ENUM_CONVERSION = YES;
				CLANG_WARN_INFINITE_RECURSION = YES;
				CLANG_WARN_INT_CONVERSION = YES;
				CLANG_WARN_NON_LITERAL_NULL_CONVERSION = YES;
				CLANG_WARN_OBJC_IMPLICIT_RETAIN_SELF = YES;
				CLANG_WARN_OBJC_LITERAL_CONVERSION = YES;
				CLANG_WARN_OBJC_ROOT_CLASS = YES_ERROR;
				CLANG_WARN_QUOTED_INCLUDE_IN_FRAMEWORK_HEADER = YES;
				CLANG_WARN_RANGE_LOOP_ANALYSIS = YES;
				CLANG_WARN_STRICT_PROTOTYPES = YES;
				CLANG_WARN_SUSPICIOUS_MOVE = YES;
				CLANG_WARN_UNGUARDED_AVAILABILITY = YES_AGGRESSIVE;
				CLANG_WARN_UNREACHABLE_CODE = YES;
				CLANG_WARN__DUPLICATE_METHOD_MATCH = YES;
				COPY_PHASE_STRIP = NO;
				DEBUG_INFORMATION_FORMAT = "dwarf-with-dsym";
				ENABLE_NS_ASSERTIONS = NO;
				ENABLE_STRICT_OBJC_MSGSEND = YES;
				GCC_C_LANGUAGE_STANDARD = gnu11;
				GCC_NO_COMMON_BLOCKS = YES;
				GCC_WARN_64_TO_32_BIT_CONVERSION = YES;
				GCC_WARN_ABOUT_RETURN_TYPE = YES_ERROR;
				GCC_WARN_UNDECLARED_SELECTOR = YES;
				GCC_WARN_UNINITIALIZED_AUTOS = YES_AGGRESSIVE;
				GCC_WARN_UNUSED_FUNCTION = YES;
				GCC_WARN_UNUSED_VARIABLE = YES;
				IPHONEOS_DEPLOYMENT_TARGET = 15.0;
				MTL_ENABLE_DEBUG_INFO = NO;
				MTL_FAST_MATH = YES;
				SDKROOT = iphoneos;
				SWIFT_COMPILATION_MODE = wholemodule;
				SWIFT_OPTIMIZATION_LEVEL = "-O";
				VALIDATE_PRODUCT = YES;
			};
			name = Release;
		};
		FDA237C1275AD56A00E04A34 /* Debug */ = {
			isa = XCBuildConfiguration;
			buildSettings = {
				ASSETCATALOG_COMPILER_APPICON_NAME = AppIcon;
				ASSETCATALOG_COMPILER_GLOBAL_ACCENT_COLOR_NAME = AccentColor;
				CODE_SIGN_STYLE = Automatic;
				CURRENT_PROJECT_VERSION = 1;
				DEVELOPMENT_TEAM = 68GMHTLQY5;
				GENERATE_INFOPLIST_FILE = YES;
				INFOPLIST_FILE = "Todo-List/Info.plist";
				INFOPLIST_KEY_UIApplicationSupportsIndirectInputEvents = YES;
				INFOPLIST_KEY_UILaunchStoryboardName = LaunchScreen;
				INFOPLIST_KEY_UIMainStoryboardFile = Main;
				INFOPLIST_KEY_UISupportedInterfaceOrientations_iPad = "UIInterfaceOrientationPortrait UIInterfaceOrientationPortraitUpsideDown UIInterfaceOrientationLandscapeLeft UIInterfaceOrientationLandscapeRight";
				INFOPLIST_KEY_UISupportedInterfaceOrientations_iPhone = "UIInterfaceOrientationPortrait UIInterfaceOrientationLandscapeLeft UIInterfaceOrientationLandscapeRight";
				LD_RUNPATH_SEARCH_PATHS = (
					"$(inherited)",
					"@executable_path/Frameworks",
				);
				MARKETING_VERSION = 1.0;
				PRODUCT_BUNDLE_IDENTIFIER = "com.ek.Todo-List";
				PRODUCT_NAME = "$(TARGET_NAME)";
				SWIFT_EMIT_LOC_STRINGS = YES;
				SWIFT_VERSION = 5.0;
				TARGETED_DEVICE_FAMILY = "1,2";
			};
			name = Debug;
		};
		FDA237C2275AD56A00E04A34 /* Release */ = {
			isa = XCBuildConfiguration;
			buildSettings = {
				ASSETCATALOG_COMPILER_APPICON_NAME = AppIcon;
				ASSETCATALOG_COMPILER_GLOBAL_ACCENT_COLOR_NAME = AccentColor;
				CODE_SIGN_STYLE = Automatic;
				CURRENT_PROJECT_VERSION = 1;
				DEVELOPMENT_TEAM = 68GMHTLQY5;
				GENERATE_INFOPLIST_FILE = YES;
				INFOPLIST_FILE = "Todo-List/Info.plist";
				INFOPLIST_KEY_UIApplicationSupportsIndirectInputEvents = YES;
				INFOPLIST_KEY_UILaunchStoryboardName = LaunchScreen;
				INFOPLIST_KEY_UIMainStoryboardFile = Main;
				INFOPLIST_KEY_UISupportedInterfaceOrientations_iPad = "UIInterfaceOrientationPortrait UIInterfaceOrientationPortraitUpsideDown UIInterfaceOrientationLandscapeLeft UIInterfaceOrientationLandscapeRight";
				INFOPLIST_KEY_UISupportedInterfaceOrientations_iPhone = "UIInterfaceOrientationPortrait UIInterfaceOrientationLandscapeLeft UIInterfaceOrientationLandscapeRight";
				LD_RUNPATH_SEARCH_PATHS = (
					"$(inherited)",
					"@executable_path/Frameworks",
				);
				MARKETING_VERSION = 1.0;
				PRODUCT_BUNDLE_IDENTIFIER = "com.ek.Todo-List";
				PRODUCT_NAME = "$(TARGET_NAME)";
				SWIFT_EMIT_LOC_STRINGS = YES;
				SWIFT_VERSION = 5.0;
				TARGETED_DEVICE_FAMILY = "1,2";
			};
			name = Release;
		};
		FDA237C4275AD56A00E04A34 /* Debug */ = {
			isa = XCBuildConfiguration;
			buildSettings = {
				ALWAYS_EMBED_SWIFT_STANDARD_LIBRARIES = YES;
				BUNDLE_LOADER = "$(TEST_HOST)";
				CODE_SIGN_STYLE = Automatic;
				CURRENT_PROJECT_VERSION = 1;
				DEVELOPMENT_TEAM = 68GMHTLQY5;
				GENERATE_INFOPLIST_FILE = YES;
				IPHONEOS_DEPLOYMENT_TARGET = 15.0;
				LD_RUNPATH_SEARCH_PATHS = (
					"$(inherited)",
					"@executable_path/Frameworks",
					"@loader_path/Frameworks",
				);
				MARKETING_VERSION = 1.0;
				PRODUCT_BUNDLE_IDENTIFIER = "com.ek.Todo-ListTests";
				PRODUCT_NAME = "$(TARGET_NAME)";
				SWIFT_EMIT_LOC_STRINGS = NO;
				SWIFT_VERSION = 5.0;
				TARGETED_DEVICE_FAMILY = "1,2";
				TEST_HOST = "$(BUILT_PRODUCTS_DIR)/Todo-List.app/Todo-List";
			};
			name = Debug;
		};
		FDA237C5275AD56A00E04A34 /* Release */ = {
			isa = XCBuildConfiguration;
			buildSettings = {
				ALWAYS_EMBED_SWIFT_STANDARD_LIBRARIES = YES;
				BUNDLE_LOADER = "$(TEST_HOST)";
				CODE_SIGN_STYLE = Automatic;
				CURRENT_PROJECT_VERSION = 1;
				DEVELOPMENT_TEAM = 68GMHTLQY5;
				GENERATE_INFOPLIST_FILE = YES;
				IPHONEOS_DEPLOYMENT_TARGET = 15.0;
				LD_RUNPATH_SEARCH_PATHS = (
					"$(inherited)",
					"@executable_path/Frameworks",
					"@loader_path/Frameworks",
				);
				MARKETING_VERSION = 1.0;
				PRODUCT_BUNDLE_IDENTIFIER = "com.ek.Todo-ListTests";
				PRODUCT_NAME = "$(TARGET_NAME)";
				SWIFT_EMIT_LOC_STRINGS = NO;
				SWIFT_VERSION = 5.0;
				TARGETED_DEVICE_FAMILY = "1,2";
				TEST_HOST = "$(BUILT_PRODUCTS_DIR)/Todo-List.app/Todo-List";
			};
			name = Release;
		};
		FDA237C7275AD56A00E04A34 /* Debug */ = {
			isa = XCBuildConfiguration;
			buildSettings = {
				ALWAYS_EMBED_SWIFT_STANDARD_LIBRARIES = YES;
				CODE_SIGN_STYLE = Automatic;
				CURRENT_PROJECT_VERSION = 1;
				DEVELOPMENT_TEAM = 68GMHTLQY5;
				GENERATE_INFOPLIST_FILE = YES;
				LD_RUNPATH_SEARCH_PATHS = (
					"$(inherited)",
					"@executable_path/Frameworks",
					"@loader_path/Frameworks",
				);
				MARKETING_VERSION = 1.0;
				PRODUCT_BUNDLE_IDENTIFIER = "com.ek.Todo-ListUITests";
				PRODUCT_NAME = "$(TARGET_NAME)";
				SWIFT_EMIT_LOC_STRINGS = NO;
				SWIFT_VERSION = 5.0;
				TARGETED_DEVICE_FAMILY = "1,2";
				TEST_TARGET_NAME = "Todo-List";
			};
			name = Debug;
		};
		FDA237C8275AD56A00E04A34 /* Release */ = {
			isa = XCBuildConfiguration;
			buildSettings = {
				ALWAYS_EMBED_SWIFT_STANDARD_LIBRARIES = YES;
				CODE_SIGN_STYLE = Automatic;
				CURRENT_PROJECT_VERSION = 1;
				DEVELOPMENT_TEAM = 68GMHTLQY5;
				GENERATE_INFOPLIST_FILE = YES;
				LD_RUNPATH_SEARCH_PATHS = (
					"$(inherited)",
					"@executable_path/Frameworks",
					"@loader_path/Frameworks",
				);
				MARKETING_VERSION = 1.0;
				PRODUCT_BUNDLE_IDENTIFIER = "com.ek.Todo-ListUITests";
				PRODUCT_NAME = "$(TARGET_NAME)";
				SWIFT_EMIT_LOC_STRINGS = NO;
				SWIFT_VERSION = 5.0;
				TARGETED_DEVICE_FAMILY = "1,2";
				TEST_TARGET_NAME = "Todo-List";
			};
			name = Release;
		};
/* End XCBuildConfiguration section */

/* Begin XCConfigurationList section */
		FDA2378E275AD56700E04A34 /* Build configuration list for PBXProject "Todo-List" */ = {
			isa = XCConfigurationList;
			buildConfigurations = (
				FDA237BE275AD56A00E04A34 /* Debug */,
				FDA237BF275AD56A00E04A34 /* Release */,
			);
			defaultConfigurationIsVisible = 0;
			defaultConfigurationName = Release;
		};
		FDA237C0275AD56A00E04A34 /* Build configuration list for PBXNativeTarget "Todo-List" */ = {
			isa = XCConfigurationList;
			buildConfigurations = (
				FDA237C1275AD56A00E04A34 /* Debug */,
				FDA237C2275AD56A00E04A34 /* Release */,
			);
			defaultConfigurationIsVisible = 0;
			defaultConfigurationName = Release;
		};
		FDA237C3275AD56A00E04A34 /* Build configuration list for PBXNativeTarget "Todo-ListTests" */ = {
			isa = XCConfigurationList;
			buildConfigurations = (
				FDA237C4275AD56A00E04A34 /* Debug */,
				FDA237C5275AD56A00E04A34 /* Release */,
			);
			defaultConfigurationIsVisible = 0;
			defaultConfigurationName = Release;
		};
		FDA237C6275AD56A00E04A34 /* Build configuration list for PBXNativeTarget "Todo-ListUITests" */ = {
			isa = XCConfigurationList;
			buildConfigurations = (
				FDA237C7275AD56A00E04A34 /* Debug */,
				FDA237C8275AD56A00E04A34 /* Release */,
			);
			defaultConfigurationIsVisible = 0;
			defaultConfigurationName = Release;
		};
/* End XCConfigurationList section */

/* Begin XCVersionGroup section */
		FDA2379F275AD56700E04A34 /* Todo_List.xcdatamodeld */ = {
			isa = XCVersionGroup;
			children = (
				FDA237A0275AD56700E04A34 /* Todo_List.xcdatamodel */,
			);
			currentVersion = FDA237A0275AD56700E04A34 /* Todo_List.xcdatamodel */;
			path = Todo_List.xcdatamodeld;
			sourceTree = "<group>";
			versionGroupType = wrapper.xcdatamodel;
		};
/* End XCVersionGroup section */
	};
	rootObject = FDA2378B275AD56700E04A34 /* Project object */;
}
